
Microsoft Visual Studio Solution File, Format Version 12.00
# Visual Studio Version 17
VisualStudioVersion = 17.11.35222.181
MinimumVisualStudioVersion = 10.0.40219.1
Project("{FAE04EC0-301F-11D3-BF4B-00C04F79EFBC}") = "Proyecto IC 01", "Proyecto IC 01\Proyecto IC 01.csproj", "{551F463C-2BD0-44D8-9901-546DB15CB1F1}"
EndProject
Global
	GlobalSection(SolutionConfigurationPlatforms) = preSolution
		Debug|Any CPU = Debug|Any CPU
		Release|Any CPU = Release|Any CPU
	EndGlobalSection
	GlobalSection(ProjectConfigurationPlatforms) = postSolution
		{551F463C-2BD0-44D8-9901-546DB15CB1F1}.Debug|Any CPU.ActiveCfg = Debug|Any CPU
		{551F463C-2BD0-44D8-9901-546DB15CB1F1}.Debug|Any CPU.Build.0 = Debug|Any CPU
		{551F463C-2BD0-44D8-9901-546DB15CB1F1}.Release|Any CPU.ActiveCfg = Release|Any CPU
		{551F463C-2BD0-44D8-9901-546DB15CB1F1}.Release|Any CPU.Build.0 = Release|Any CPU
	EndGlobalSection
	GlobalSection(SolutionProperties) = preSolution
		HideSolutionNode = FALSE
	EndGlobalSection
	GlobalSection(ExtensibilityGlobals) = postSolution
		SolutionGuid = {DD774D09-8D05-4232-898E-AED0E8FEBC93}
	EndGlobalSection
EndGlobal
